{
  "requires": true,
  "lockfileVersion": 1,
  "dependencies": {
    "amplitudejs": {
      "version": "4.1.0",
      "resolved": "https://registry.npmjs.org/amplitudejs/-/amplitudejs-4.1.0.tgz",
      "integrity": "sha512-r+iHueCo+EMuMSBpNp8CAbwvF/zsN6zz/yEuf6OyTMdEVHslgpEQuCPPoElg2Kvr9CwwMqFfhx6vfquaumiFkg=="
    }
  }
}
